
Microsoft Visual Studio Solution File, Format Version 12.00
# Visual Studio Version 17
VisualStudioVersion = 17.2.32616.157
MinimumVisualStudioVersion = 10.0.40219.1
Project("{FAE04EC0-301F-11D3-BF4B-00C04F79EFBC}") = "PGenerico", "PGenerico.csproj", "{057FDB45-E176-4300-A03B-4A49406178A1}"
EndProject
Global
	GlobalSection(SolutionConfigurationPlatforms) = preSolution
		Debug|Any CPU = Debug|Any CPU
		Release|Any CPU = Release|Any CPU
	EndGlobalSection
	GlobalSection(ProjectConfigurationPlatforms) = postSolution
		{057FDB45-E176-4300-A03B-4A49406178A1}.Debug|Any CPU.ActiveCfg = Debug|Any CPU
		{057FDB45-E176-4300-A03B-4A49406178A1}.Debug|Any CPU.Build.0 = Debug|Any CPU
		{057FDB45-E176-4300-A03B-4A49406178A1}.Release|Any CPU.ActiveCfg = Release|Any CPU
		{057FDB45-E176-4300-A03B-4A49406178A1}.Release|Any CPU.Build.0 = Release|Any CPU
	EndGlobalSection
	GlobalSection(SolutionProperties) = preSolution
		HideSolutionNode = FALSE
	EndGlobalSection
	GlobalSection(ExtensibilityGlobals) = postSolution
		SolutionGuid = {327BC447-54BE-49B0-A0D9-C656862A93FC}
	EndGlobalSection
EndGlobal
