
Microsoft Visual Studio Solution File, Format Version 12.00
# Visual Studio Version 17
VisualStudioVersion = 17.2.32616.157
MinimumVisualStudioVersion = 10.0.40219.1
Project("{FAE04EC0-301F-11D3-BF4B-00C04F79EFBC}") = "modelo MVC", "modelo MVC.csproj", "{87F8761E-AF48-41CB-8F4F-78B4E524E96C}"
EndProject
Global
	GlobalSection(SolutionConfigurationPlatforms) = preSolution
		Debug|Any CPU = Debug|Any CPU
		Release|Any CPU = Release|Any CPU
	EndGlobalSection
	GlobalSection(ProjectConfigurationPlatforms) = postSolution
		{87F8761E-AF48-41CB-8F4F-78B4E524E96C}.Debug|Any CPU.ActiveCfg = Debug|Any CPU
		{87F8761E-AF48-41CB-8F4F-78B4E524E96C}.Debug|Any CPU.Build.0 = Debug|Any CPU
		{87F8761E-AF48-41CB-8F4F-78B4E524E96C}.Release|Any CPU.ActiveCfg = Release|Any CPU
		{87F8761E-AF48-41CB-8F4F-78B4E524E96C}.Release|Any CPU.Build.0 = Release|Any CPU
	EndGlobalSection
	GlobalSection(SolutionProperties) = preSolution
		HideSolutionNode = FALSE
	EndGlobalSection
	GlobalSection(ExtensibilityGlobals) = postSolution
		SolutionGuid = {70DAAA41-41BA-4D54-9E89-42F5AE4BC134}
	EndGlobalSection
EndGlobal
